
Microsoft Visual Studio Solution File, Format Version 12.00
# Visual Studio Version 16
VisualStudioVersion = 16.0.31019.35
MinimumVisualStudioVersion = 10.0.40219.1
Project("{FAE04EC0-301F-11D3-BF4B-00C04F79EFBC}") = "BSJobBase", "BSJobBase\BSJobBase.csproj", "{814DDF3F-573F-4EA8-A7A1-E789E4608B9B}"
EndProject
Project("{FAE04EC0-301F-11D3-BF4B-00C04F79EFBC}") = "ParkingPayroll", "ParkingPayroll\ParkingPayroll.csproj", "{A175A62F-3230-409D-A1D9-6C63CF332910}"
EndProject
Project("{FAE04EC0-301F-11D3-BF4B-00C04F79EFBC}") = "PBSMacrosLoad", "PBSMacrosLoad\PBSMacrosLoad.csproj", "{564E163F-1504-4C49-8CDE-251AA50B5E44}"
EndProject
Project("{FAE04EC0-301F-11D3-BF4B-00C04F79EFBC}") = "BSJobUtility", "BSJobUtility\BSJobUtility.csproj", "{5EDFBCCD-A445-450F-9828-00931928CFC6}"
EndProject
Project("{FAE04EC0-301F-11D3-BF4B-00C04F79EFBC}") = "CommissionsCreate", "CommissionsCreate\CommissionsCreate.csproj", "{9927A52D-B824-47EC-8653-CF444C79F7D8}"
EndProject
Project("{2150E333-8FDC-42A3-9474-1A3956D46DE8}") = "Jobs", "Jobs", "{1FEDF0C8-B6B5-4A7F-B2BB-793CADA55E44}"
EndProject
Project("{FAE04EC0-301F-11D3-BF4B-00C04F79EFBC}") = "WrappersLoad", "WrappersLoad\WrappersLoad.csproj", "{7912F576-FB44-4DD2-971E-56F2F9EC77A0}"
EndProject
Project("{FAE04EC0-301F-11D3-BF4B-00C04F79EFBC}") = "ManifestLoad", "ManifestLoad\ManifestLoad.csproj", "{8FE50883-E98D-4AF9-B359-B217ACDECB75}"
EndProject
Project("{FAE04EC0-301F-11D3-BF4B-00C04F79EFBC}") = "ManifestLoadAdvance", "ManifestLoadAdvance\ManifestLoadAdvance.csproj", "{14FA5A9B-60B8-4D1D-B354-6DB61D6F77A4}"
EndProject
Project("{FAE04EC0-301F-11D3-BF4B-00C04F79EFBC}") = "PBSInvoiceExportLoad", "PBSInvoiceExportLoad\PBSInvoiceExportLoad.csproj", "{5E72A50A-0CA6-481B-B937-C54BE921D6CE}"
EndProject
Project("{FAE04EC0-301F-11D3-BF4B-00C04F79EFBC}") = "QualificationReportLoad", "QualificationReportLoad\QualificationReportLoad.csproj", "{1D5268DF-D016-4EAC-BB9E-073275C349D3}"
EndProject
Project("{FAE04EC0-301F-11D3-BF4B-00C04F79EFBC}") = "OfficePay", "OfficePay\OfficePay.csproj", "{A599015D-4696-40A1-BD42-4EB5F3C70A01}"
EndProject
Project("{FAE04EC0-301F-11D3-BF4B-00C04F79EFBC}") = "AutoRenew", "AutoRenew\AutoRenew.csproj", "{47BBD75C-7E23-40A0-B6A4-7FFFC7E37EF4}"
EndProject
Project("{FAE04EC0-301F-11D3-BF4B-00C04F79EFBC}") = "PressRoomLoad", "PressRoomLoad\PressRoomLoad.csproj", "{A67F8644-DD1C-4BCF-AC9C-A67292F39196}"
EndProject
Project("{FAE04EC0-301F-11D3-BF4B-00C04F79EFBC}") = "PressRoomFreeLoad", "PressRoomFreeLoad\PressRoomFreeLoad.csproj", "{FD252A6F-65A4-4E97-93FF-7EB0AD5F5A0C}"
EndProject
Project("{FAE04EC0-301F-11D3-BF4B-00C04F79EFBC}") = "PBSInvoiceTotals", "PBSInvoiceTotals\PBSInvoiceTotals.csproj", "{15BC181B-C041-49EE-943D-EB28F4E1BDA4}"
EndProject
Project("{FAE04EC0-301F-11D3-BF4B-00C04F79EFBC}") = "PBSInvoiceLoad", "PBSInvoiceLoad\PBSInvoiceLoad.csproj", "{5B761D31-CAAF-4361-8B88-16DC53795B31}"
EndProject
Project("{FAE04EC0-301F-11D3-BF4B-00C04F79EFBC}") = "UnzipNewscycleExportFiles", "UnzipNewscycleExportFiles\UnzipNewscycleExportFiles.csproj", "{5908EF09-95B9-4EC0-91C2-A404C8545853}"
EndProject
Project("{FAE04EC0-301F-11D3-BF4B-00C04F79EFBC}") = "BSGlobals", "BSGlobals\BSGlobals.csproj", "{2CEDA844-1A4A-4B73-B7CC-ED7539B0F996}"
EndProject
Project("{FAE04EC0-301F-11D3-BF4B-00C04F79EFBC}") = "AppStatusMonitor", "AppStatusMonitor\AppStatusMonitor.csproj", "{4DB27938-9846-47E4-A45E-8A2505F44CBB}"
EndProject
Project("{FAE04EC0-301F-11D3-BF4B-00C04F79EFBC}") = "DMMail", "DMMail\DMMail.csproj", "{960455AB-E26B-4A6F-B065-7A1E500757F9}"
EndProject
Project("{FAE04EC0-301F-11D3-BF4B-00C04F79EFBC}") = "ManifestFreeLoad", "ManifestFreeLoad\ManifestFreeLoad.csproj", "{8C9F48E7-4657-4917-A999-838260BF1784}"
EndProject
Project("{FAE04EC0-301F-11D3-BF4B-00C04F79EFBC}") = "PayByScanLoadWegmans", "PayByScanLoadWegmans\PayByScanLoadWegmans.csproj", "{D31351EB-64A1-48B8-A407-2C7DC0493B0B}"
EndProject
Project("{FAE04EC0-301F-11D3-BF4B-00C04F79EFBC}") = "PayByScanLoad711", "PayByScanLoad711\PayByScanLoad711.csproj", "{0FCBAEDE-5D50-4998-B7A4-1733656722A6}"
EndProject
Project("{FAE04EC0-301F-11D3-BF4B-00C04F79EFBC}") = "PrepackInsertLoad", "PrepackInsertLoad\PrepackInsertLoad.csproj", "{6BF0E083-AC26-4C65-A539-8823C65C3F7B}"
EndProject
Project("{FAE04EC0-301F-11D3-BF4B-00C04F79EFBC}") = "PBSDumpWorkload", "PBSDumpWorkload\PBSDumpWorkload.csproj", "{7CD71798-C122-4145-A08E-506A88273108}"
EndProject
Project("{FAE04EC0-301F-11D3-BF4B-00C04F79EFBC}") = "TestJob", "TestJob\TestJob.csproj", "{428258FE-950A-4FFD-883C-7FAEA65E05B3}"
EndProject
Project("{FAE04EC0-301F-11D3-BF4B-00C04F79EFBC}") = "CircDumpWorkload", "CircDumpWorkLoad\CircDumpWorkload.csproj", "{0C8C80C8-B156-4211-9566-B1531E86C906}"
EndProject
Project("{FAE04EC0-301F-11D3-BF4B-00C04F79EFBC}") = "CircDumpPopulate", "CircDumpPopulate\CircDumpPopulate.csproj", "{58A03971-0C97-42BC-9B51-FB93DB910BD0}"
EndProject
Project("{FAE04EC0-301F-11D3-BF4B-00C04F79EFBC}") = "PurchaseOrders", "PurchaseOrders\PurchaseOrders.csproj", "{DEDDECC7-69D9-4924-8596-018BFA1B4BDE}"
EndProject
Project("{FAE04EC0-301F-11D3-BF4B-00C04F79EFBC}") = "PBSDumpPopulate", "PBSDumpPopulate\PBSDumpPopulate.csproj", "{B31D42D9-BAE1-4A78-A1C6-FC33D68AB464}"
EndProject
Project("{FAE04EC0-301F-11D3-BF4B-00C04F79EFBC}") = "SuppliesWorkload", "SuppliesWorkload\SuppliesWorkload.csproj", "{6F83D1FD-0AB8-47F5-A320-8CFCD6DCA26A}"
EndProject
Project("{FAE04EC0-301F-11D3-BF4B-00C04F79EFBC}") = "CircDumpPost", "CircDumpPost\CircDumpPost.csproj", "{B09C645A-5F72-42D8-8B04-51A3D1CA44FF}"
EndProject
Project("{FAE04EC0-301F-11D3-BF4B-00C04F79EFBC}") = "PBSDumpPost", "PBSDumpPost\PBSDumpPost.csproj", "{194E1FF3-BDE2-4800-8B3A-D63A194CE067}"
EndProject
Project("{FAE04EC0-301F-11D3-BF4B-00C04F79EFBC}") = "TradeWorkload", "TradeWorkload\TradeWorkload.csproj", "{7846F18E-0D22-4B7B-919C-E7C579091C8A}"
EndProject
Project("{FAE04EC0-301F-11D3-BF4B-00C04F79EFBC}") = "SubBalanceLoad", "SubBalanceLoad\SubBalanceLoad.csproj", "{8E87415B-A7EA-4165-9AEE-8FB6D88496AE}"
EndProject
Project("{FAE04EC0-301F-11D3-BF4B-00C04F79EFBC}") = "DeleteFile", "DeleteFile\DeleteFile.csproj", "{69A6A58D-770A-406B-AE1C-14D87E9866C2}"
EndProject
Project("{FAE04EC0-301F-11D3-BF4B-00C04F79EFBC}") = "DeleteEmptyTMPFiles", "DeleteEmptyTMPFiles\DeleteEmptyTMPFiles.csproj", "{1532EE23-F637-40FA-BBA8-10B2F7C1A36D}"
EndProject
Project("{FAE04EC0-301F-11D3-BF4B-00C04F79EFBC}") = "Feeds", "Feeds\Feeds.csproj", "{EBDE7E14-5DB4-49EA-ACE0-B4B5D61FDCB8}"
EndProject
Project("{FAE04EC0-301F-11D3-BF4B-00C04F79EFBC}") = "SBSJournalEntryImport", "SBSJournalEntryImport\SBSJournalEntryImport.csproj", "{321F20CA-E720-4503-93D5-5C10526F3456}"
EndProject
Project("{FAE04EC0-301F-11D3-BF4B-00C04F79EFBC}") = "IS Inventory", "IS Inventory\IS Inventory.csproj", "{A95F38F0-8927-49F6-9A2B-9E4C95E36131}"
EndProject
Project("{2150E333-8FDC-42A3-9474-1A3956D46DE8}") = "UI Apps", "UI Apps", "{37734214-C302-4BD3-9C6A-21CFD07BE09F}"
EndProject
Project("{FAE04EC0-301F-11D3-BF4B-00C04F79EFBC}") = "LawsonArchive", "LawsonArchive\LawsonArchive.csproj", "{A6D2715E-6B42-46A3-923C-118438293BF2}"
EndProject
Project("{2150E333-8FDC-42A3-9474-1A3956D46DE8}") = "Solution Items", "Solution Items", "{7327C276-666F-4EC4-9A49-F350BA334DF7}"
	ProjectSection(SolutionItems) = preProject
		UI Template\Template 1.txt = UI Template\Template 1.txt
	EndProjectSection
EndProject
Project("{FAE04EC0-301F-11D3-BF4B-00C04F79EFBC}") = "AutoPrintPDF", "AutoPrintPDF\AutoPrintPDF.csproj", "{B49EA1A9-A1E7-44A4-A7FE-69C470A2E0CA}"
EndProject
Project("{FAE04EC0-301F-11D3-BF4B-00C04F79EFBC}") = "ExecuteSQL", "ExecuteSQL\ExecuteSQL.csproj", "{A3F6E72B-B4D8-4BF8-8D23-3CAF09CDD37A}"
EndProject
Project("{FAE04EC0-301F-11D3-BF4B-00C04F79EFBC}") = "PackageAssignmentLoad", "PackageAssignmentLoad\PackageAssignmentLoad.csproj", "{0534EF1F-036E-47C4-BEDC-F569F0F910FC}"
EndProject
Project("{FAE04EC0-301F-11D3-BF4B-00C04F79EFBC}") = "PurgeFeeds", "PurgeFeeds\PurgeFeeds.csproj", "{0C087B83-42D0-416B-8EFB-76637D1FFDE0}"
EndProject
Project("{F184B08F-C81C-45F6-A57F-5ABD9991F28F}") = "Reporting", "Reporting\Reporting.vbproj", "{CFF2FEC5-BEE6-4683-AAB1-F35651DE8440}"
EndProject
Project("{FAE04EC0-301F-11D3-BF4B-00C04F79EFBC}") = "SBSReportsLoad", "SBSReportsLoad\SBSReportsLoad.csproj", "{0C122252-5007-4F08-B047-96E653A7DC28}"
EndProject
Project("{FAE04EC0-301F-11D3-BF4B-00C04F79EFBC}") = "SaxoXMLLoad", "SaxoXMLLoad\SaxoXMLLoad.csproj", "{F77FF4DC-8FBF-450B-A34E-4D18F19948E2}"
EndProject
Project("{FAE04EC0-301F-11D3-BF4B-00C04F79EFBC}") = "TradeAutoEmail", "TradeAutoEmail\TradeAutoEmail.csproj", "{2833225F-E708-41D2-8A45-9E2FC910B7A2}"
EndProject
Project("{FAE04EC0-301F-11D3-BF4B-00C04F79EFBC}") = "ToSecurity", "ToSecurity\ToSecurity.csproj", "{0779E912-8594-425D-81BE-041A0FC8B296}"
EndProject
Global
	GlobalSection(SolutionConfigurationPlatforms) = preSolution
		Debug|Any CPU = Debug|Any CPU
		Release|Any CPU = Release|Any CPU
	EndGlobalSection
	GlobalSection(ProjectConfigurationPlatforms) = postSolution
		{814DDF3F-573F-4EA8-A7A1-E789E4608B9B}.Debug|Any CPU.ActiveCfg = Debug|Any CPU
		{814DDF3F-573F-4EA8-A7A1-E789E4608B9B}.Debug|Any CPU.Build.0 = Debug|Any CPU
		{814DDF3F-573F-4EA8-A7A1-E789E4608B9B}.Release|Any CPU.ActiveCfg = Release|Any CPU
		{814DDF3F-573F-4EA8-A7A1-E789E4608B9B}.Release|Any CPU.Build.0 = Release|Any CPU
		{A175A62F-3230-409D-A1D9-6C63CF332910}.Debug|Any CPU.ActiveCfg = Debug|Any CPU
		{A175A62F-3230-409D-A1D9-6C63CF332910}.Debug|Any CPU.Build.0 = Debug|Any CPU
		{A175A62F-3230-409D-A1D9-6C63CF332910}.Release|Any CPU.ActiveCfg = Release|Any CPU
		{A175A62F-3230-409D-A1D9-6C63CF332910}.Release|Any CPU.Build.0 = Release|Any CPU
		{564E163F-1504-4C49-8CDE-251AA50B5E44}.Debug|Any CPU.ActiveCfg = Debug|Any CPU
		{564E163F-1504-4C49-8CDE-251AA50B5E44}.Debug|Any CPU.Build.0 = Debug|Any CPU
		{564E163F-1504-4C49-8CDE-251AA50B5E44}.Release|Any CPU.ActiveCfg = Release|Any CPU
		{564E163F-1504-4C49-8CDE-251AA50B5E44}.Release|Any CPU.Build.0 = Release|Any CPU
		{5EDFBCCD-A445-450F-9828-00931928CFC6}.Debug|Any CPU.ActiveCfg = Debug|Any CPU
		{5EDFBCCD-A445-450F-9828-00931928CFC6}.Debug|Any CPU.Build.0 = Debug|Any CPU
		{5EDFBCCD-A445-450F-9828-00931928CFC6}.Release|Any CPU.ActiveCfg = Release|Any CPU
		{5EDFBCCD-A445-450F-9828-00931928CFC6}.Release|Any CPU.Build.0 = Release|Any CPU
		{9927A52D-B824-47EC-8653-CF444C79F7D8}.Debug|Any CPU.ActiveCfg = Debug|Any CPU
		{9927A52D-B824-47EC-8653-CF444C79F7D8}.Debug|Any CPU.Build.0 = Debug|Any CPU
		{9927A52D-B824-47EC-8653-CF444C79F7D8}.Release|Any CPU.ActiveCfg = Release|Any CPU
		{9927A52D-B824-47EC-8653-CF444C79F7D8}.Release|Any CPU.Build.0 = Release|Any CPU
		{7912F576-FB44-4DD2-971E-56F2F9EC77A0}.Debug|Any CPU.ActiveCfg = Debug|Any CPU
		{7912F576-FB44-4DD2-971E-56F2F9EC77A0}.Debug|Any CPU.Build.0 = Debug|Any CPU
		{7912F576-FB44-4DD2-971E-56F2F9EC77A0}.Release|Any CPU.ActiveCfg = Release|Any CPU
		{7912F576-FB44-4DD2-971E-56F2F9EC77A0}.Release|Any CPU.Build.0 = Release|Any CPU
		{8FE50883-E98D-4AF9-B359-B217ACDECB75}.Debug|Any CPU.ActiveCfg = Debug|Any CPU
		{8FE50883-E98D-4AF9-B359-B217ACDECB75}.Debug|Any CPU.Build.0 = Debug|Any CPU
		{8FE50883-E98D-4AF9-B359-B217ACDECB75}.Release|Any CPU.ActiveCfg = Release|Any CPU
		{8FE50883-E98D-4AF9-B359-B217ACDECB75}.Release|Any CPU.Build.0 = Release|Any CPU
		{14FA5A9B-60B8-4D1D-B354-6DB61D6F77A4}.Debug|Any CPU.ActiveCfg = Debug|Any CPU
		{14FA5A9B-60B8-4D1D-B354-6DB61D6F77A4}.Debug|Any CPU.Build.0 = Debug|Any CPU
		{14FA5A9B-60B8-4D1D-B354-6DB61D6F77A4}.Release|Any CPU.ActiveCfg = Release|Any CPU
		{14FA5A9B-60B8-4D1D-B354-6DB61D6F77A4}.Release|Any CPU.Build.0 = Release|Any CPU
		{5E72A50A-0CA6-481B-B937-C54BE921D6CE}.Debug|Any CPU.ActiveCfg = Debug|Any CPU
		{5E72A50A-0CA6-481B-B937-C54BE921D6CE}.Debug|Any CPU.Build.0 = Debug|Any CPU
		{5E72A50A-0CA6-481B-B937-C54BE921D6CE}.Release|Any CPU.ActiveCfg = Release|Any CPU
		{5E72A50A-0CA6-481B-B937-C54BE921D6CE}.Release|Any CPU.Build.0 = Release|Any CPU
		{1D5268DF-D016-4EAC-BB9E-073275C349D3}.Debug|Any CPU.ActiveCfg = Debug|Any CPU
		{1D5268DF-D016-4EAC-BB9E-073275C349D3}.Debug|Any CPU.Build.0 = Debug|Any CPU
		{1D5268DF-D016-4EAC-BB9E-073275C349D3}.Release|Any CPU.ActiveCfg = Release|Any CPU
		{1D5268DF-D016-4EAC-BB9E-073275C349D3}.Release|Any CPU.Build.0 = Release|Any CPU
		{A599015D-4696-40A1-BD42-4EB5F3C70A01}.Debug|Any CPU.ActiveCfg = Debug|Any CPU
		{A599015D-4696-40A1-BD42-4EB5F3C70A01}.Debug|Any CPU.Build.0 = Debug|Any CPU
		{A599015D-4696-40A1-BD42-4EB5F3C70A01}.Release|Any CPU.ActiveCfg = Release|Any CPU
		{A599015D-4696-40A1-BD42-4EB5F3C70A01}.Release|Any CPU.Build.0 = Release|Any CPU
		{47BBD75C-7E23-40A0-B6A4-7FFFC7E37EF4}.Debug|Any CPU.ActiveCfg = Debug|Any CPU
		{47BBD75C-7E23-40A0-B6A4-7FFFC7E37EF4}.Debug|Any CPU.Build.0 = Debug|Any CPU
		{47BBD75C-7E23-40A0-B6A4-7FFFC7E37EF4}.Release|Any CPU.ActiveCfg = Release|Any CPU
		{47BBD75C-7E23-40A0-B6A4-7FFFC7E37EF4}.Release|Any CPU.Build.0 = Release|Any CPU
		{A67F8644-DD1C-4BCF-AC9C-A67292F39196}.Debug|Any CPU.ActiveCfg = Debug|Any CPU
		{A67F8644-DD1C-4BCF-AC9C-A67292F39196}.Debug|Any CPU.Build.0 = Debug|Any CPU
		{A67F8644-DD1C-4BCF-AC9C-A67292F39196}.Release|Any CPU.ActiveCfg = Release|Any CPU
		{A67F8644-DD1C-4BCF-AC9C-A67292F39196}.Release|Any CPU.Build.0 = Release|Any CPU
		{FD252A6F-65A4-4E97-93FF-7EB0AD5F5A0C}.Debug|Any CPU.ActiveCfg = Debug|Any CPU
		{FD252A6F-65A4-4E97-93FF-7EB0AD5F5A0C}.Debug|Any CPU.Build.0 = Debug|Any CPU
		{FD252A6F-65A4-4E97-93FF-7EB0AD5F5A0C}.Release|Any CPU.ActiveCfg = Release|Any CPU
		{FD252A6F-65A4-4E97-93FF-7EB0AD5F5A0C}.Release|Any CPU.Build.0 = Release|Any CPU
		{15BC181B-C041-49EE-943D-EB28F4E1BDA4}.Debug|Any CPU.ActiveCfg = Debug|Any CPU
		{15BC181B-C041-49EE-943D-EB28F4E1BDA4}.Debug|Any CPU.Build.0 = Debug|Any CPU
		{15BC181B-C041-49EE-943D-EB28F4E1BDA4}.Release|Any CPU.ActiveCfg = Release|Any CPU
		{15BC181B-C041-49EE-943D-EB28F4E1BDA4}.Release|Any CPU.Build.0 = Release|Any CPU
		{5B761D31-CAAF-4361-8B88-16DC53795B31}.Debug|Any CPU.ActiveCfg = Debug|Any CPU
		{5B761D31-CAAF-4361-8B88-16DC53795B31}.Debug|Any CPU.Build.0 = Debug|Any CPU
		{5B761D31-CAAF-4361-8B88-16DC53795B31}.Release|Any CPU.ActiveCfg = Release|Any CPU
		{5B761D31-CAAF-4361-8B88-16DC53795B31}.Release|Any CPU.Build.0 = Release|Any CPU
		{5908EF09-95B9-4EC0-91C2-A404C8545853}.Debug|Any CPU.ActiveCfg = Debug|Any CPU
		{5908EF09-95B9-4EC0-91C2-A404C8545853}.Debug|Any CPU.Build.0 = Debug|Any CPU
		{5908EF09-95B9-4EC0-91C2-A404C8545853}.Release|Any CPU.ActiveCfg = Release|Any CPU
		{5908EF09-95B9-4EC0-91C2-A404C8545853}.Release|Any CPU.Build.0 = Release|Any CPU
		{2CEDA844-1A4A-4B73-B7CC-ED7539B0F996}.Debug|Any CPU.ActiveCfg = Debug|Any CPU
		{2CEDA844-1A4A-4B73-B7CC-ED7539B0F996}.Debug|Any CPU.Build.0 = Debug|Any CPU
		{2CEDA844-1A4A-4B73-B7CC-ED7539B0F996}.Release|Any CPU.ActiveCfg = Release|Any CPU
		{2CEDA844-1A4A-4B73-B7CC-ED7539B0F996}.Release|Any CPU.Build.0 = Release|Any CPU
		{4DB27938-9846-47E4-A45E-8A2505F44CBB}.Debug|Any CPU.ActiveCfg = Debug|Any CPU
		{4DB27938-9846-47E4-A45E-8A2505F44CBB}.Debug|Any CPU.Build.0 = Debug|Any CPU
		{4DB27938-9846-47E4-A45E-8A2505F44CBB}.Release|Any CPU.ActiveCfg = Release|Any CPU
		{4DB27938-9846-47E4-A45E-8A2505F44CBB}.Release|Any CPU.Build.0 = Release|Any CPU
		{960455AB-E26B-4A6F-B065-7A1E500757F9}.Debug|Any CPU.ActiveCfg = Debug|Any CPU
		{960455AB-E26B-4A6F-B065-7A1E500757F9}.Debug|Any CPU.Build.0 = Debug|Any CPU
		{960455AB-E26B-4A6F-B065-7A1E500757F9}.Release|Any CPU.ActiveCfg = Release|Any CPU
		{960455AB-E26B-4A6F-B065-7A1E500757F9}.Release|Any CPU.Build.0 = Release|Any CPU
		{8C9F48E7-4657-4917-A999-838260BF1784}.Debug|Any CPU.ActiveCfg = Debug|Any CPU
		{8C9F48E7-4657-4917-A999-838260BF1784}.Debug|Any CPU.Build.0 = Debug|Any CPU
		{8C9F48E7-4657-4917-A999-838260BF1784}.Release|Any CPU.ActiveCfg = Release|Any CPU
		{8C9F48E7-4657-4917-A999-838260BF1784}.Release|Any CPU.Build.0 = Release|Any CPU
		{D31351EB-64A1-48B8-A407-2C7DC0493B0B}.Debug|Any CPU.ActiveCfg = Debug|Any CPU
		{D31351EB-64A1-48B8-A407-2C7DC0493B0B}.Debug|Any CPU.Build.0 = Debug|Any CPU
		{D31351EB-64A1-48B8-A407-2C7DC0493B0B}.Release|Any CPU.ActiveCfg = Release|Any CPU
		{D31351EB-64A1-48B8-A407-2C7DC0493B0B}.Release|Any CPU.Build.0 = Release|Any CPU
		{0FCBAEDE-5D50-4998-B7A4-1733656722A6}.Debug|Any CPU.ActiveCfg = Debug|Any CPU
		{0FCBAEDE-5D50-4998-B7A4-1733656722A6}.Debug|Any CPU.Build.0 = Debug|Any CPU
		{0FCBAEDE-5D50-4998-B7A4-1733656722A6}.Release|Any CPU.ActiveCfg = Release|Any CPU
		{0FCBAEDE-5D50-4998-B7A4-1733656722A6}.Release|Any CPU.Build.0 = Release|Any CPU
		{6BF0E083-AC26-4C65-A539-8823C65C3F7B}.Debug|Any CPU.ActiveCfg = Debug|Any CPU
		{6BF0E083-AC26-4C65-A539-8823C65C3F7B}.Debug|Any CPU.Build.0 = Debug|Any CPU
		{6BF0E083-AC26-4C65-A539-8823C65C3F7B}.Release|Any CPU.ActiveCfg = Release|Any CPU
		{6BF0E083-AC26-4C65-A539-8823C65C3F7B}.Release|Any CPU.Build.0 = Release|Any CPU
		{7CD71798-C122-4145-A08E-506A88273108}.Debug|Any CPU.ActiveCfg = Debug|Any CPU
		{7CD71798-C122-4145-A08E-506A88273108}.Debug|Any CPU.Build.0 = Debug|Any CPU
		{7CD71798-C122-4145-A08E-506A88273108}.Release|Any CPU.ActiveCfg = Release|Any CPU
		{7CD71798-C122-4145-A08E-506A88273108}.Release|Any CPU.Build.0 = Release|Any CPU
		{428258FE-950A-4FFD-883C-7FAEA65E05B3}.Debug|Any CPU.ActiveCfg = Debug|Any CPU
		{428258FE-950A-4FFD-883C-7FAEA65E05B3}.Debug|Any CPU.Build.0 = Debug|Any CPU
		{428258FE-950A-4FFD-883C-7FAEA65E05B3}.Release|Any CPU.ActiveCfg = Release|Any CPU
		{428258FE-950A-4FFD-883C-7FAEA65E05B3}.Release|Any CPU.Build.0 = Release|Any CPU
		{0C8C80C8-B156-4211-9566-B1531E86C906}.Debug|Any CPU.ActiveCfg = Debug|Any CPU
		{0C8C80C8-B156-4211-9566-B1531E86C906}.Debug|Any CPU.Build.0 = Debug|Any CPU
		{0C8C80C8-B156-4211-9566-B1531E86C906}.Release|Any CPU.ActiveCfg = Release|Any CPU
		{0C8C80C8-B156-4211-9566-B1531E86C906}.Release|Any CPU.Build.0 = Release|Any CPU
		{58A03971-0C97-42BC-9B51-FB93DB910BD0}.Debug|Any CPU.ActiveCfg = Debug|Any CPU
		{58A03971-0C97-42BC-9B51-FB93DB910BD0}.Debug|Any CPU.Build.0 = Debug|Any CPU
		{58A03971-0C97-42BC-9B51-FB93DB910BD0}.Release|Any CPU.ActiveCfg = Release|Any CPU
		{58A03971-0C97-42BC-9B51-FB93DB910BD0}.Release|Any CPU.Build.0 = Release|Any CPU
		{DEDDECC7-69D9-4924-8596-018BFA1B4BDE}.Debug|Any CPU.ActiveCfg = Debug|Any CPU
		{DEDDECC7-69D9-4924-8596-018BFA1B4BDE}.Debug|Any CPU.Build.0 = Debug|Any CPU
		{DEDDECC7-69D9-4924-8596-018BFA1B4BDE}.Release|Any CPU.ActiveCfg = Release|Any CPU
		{DEDDECC7-69D9-4924-8596-018BFA1B4BDE}.Release|Any CPU.Build.0 = Release|Any CPU
		{B31D42D9-BAE1-4A78-A1C6-FC33D68AB464}.Debug|Any CPU.ActiveCfg = Debug|Any CPU
		{B31D42D9-BAE1-4A78-A1C6-FC33D68AB464}.Debug|Any CPU.Build.0 = Debug|Any CPU
		{B31D42D9-BAE1-4A78-A1C6-FC33D68AB464}.Release|Any CPU.ActiveCfg = Release|Any CPU
		{B31D42D9-BAE1-4A78-A1C6-FC33D68AB464}.Release|Any CPU.Build.0 = Release|Any CPU
		{6F83D1FD-0AB8-47F5-A320-8CFCD6DCA26A}.Debug|Any CPU.ActiveCfg = Debug|Any CPU
		{6F83D1FD-0AB8-47F5-A320-8CFCD6DCA26A}.Debug|Any CPU.Build.0 = Debug|Any CPU
		{6F83D1FD-0AB8-47F5-A320-8CFCD6DCA26A}.Release|Any CPU.ActiveCfg = Release|Any CPU
		{6F83D1FD-0AB8-47F5-A320-8CFCD6DCA26A}.Release|Any CPU.Build.0 = Release|Any CPU
		{B09C645A-5F72-42D8-8B04-51A3D1CA44FF}.Debug|Any CPU.ActiveCfg = Debug|Any CPU
		{B09C645A-5F72-42D8-8B04-51A3D1CA44FF}.Debug|Any CPU.Build.0 = Debug|Any CPU
		{B09C645A-5F72-42D8-8B04-51A3D1CA44FF}.Release|Any CPU.ActiveCfg = Release|Any CPU
		{B09C645A-5F72-42D8-8B04-51A3D1CA44FF}.Release|Any CPU.Build.0 = Release|Any CPU
		{194E1FF3-BDE2-4800-8B3A-D63A194CE067}.Debug|Any CPU.ActiveCfg = Debug|Any CPU
		{194E1FF3-BDE2-4800-8B3A-D63A194CE067}.Debug|Any CPU.Build.0 = Debug|Any CPU
		{194E1FF3-BDE2-4800-8B3A-D63A194CE067}.Release|Any CPU.ActiveCfg = Release|Any CPU
		{194E1FF3-BDE2-4800-8B3A-D63A194CE067}.Release|Any CPU.Build.0 = Release|Any CPU
		{7846F18E-0D22-4B7B-919C-E7C579091C8A}.Debug|Any CPU.ActiveCfg = Debug|Any CPU
		{7846F18E-0D22-4B7B-919C-E7C579091C8A}.Debug|Any CPU.Build.0 = Debug|Any CPU
		{7846F18E-0D22-4B7B-919C-E7C579091C8A}.Release|Any CPU.ActiveCfg = Release|Any CPU
		{7846F18E-0D22-4B7B-919C-E7C579091C8A}.Release|Any CPU.Build.0 = Release|Any CPU
		{8E87415B-A7EA-4165-9AEE-8FB6D88496AE}.Debug|Any CPU.ActiveCfg = Debug|Any CPU
		{8E87415B-A7EA-4165-9AEE-8FB6D88496AE}.Debug|Any CPU.Build.0 = Debug|Any CPU
		{8E87415B-A7EA-4165-9AEE-8FB6D88496AE}.Release|Any CPU.ActiveCfg = Release|Any CPU
		{8E87415B-A7EA-4165-9AEE-8FB6D88496AE}.Release|Any CPU.Build.0 = Release|Any CPU
		{69A6A58D-770A-406B-AE1C-14D87E9866C2}.Debug|Any CPU.ActiveCfg = Debug|Any CPU
		{69A6A58D-770A-406B-AE1C-14D87E9866C2}.Debug|Any CPU.Build.0 = Debug|Any CPU
		{69A6A58D-770A-406B-AE1C-14D87E9866C2}.Release|Any CPU.ActiveCfg = Release|Any CPU
		{69A6A58D-770A-406B-AE1C-14D87E9866C2}.Release|Any CPU.Build.0 = Release|Any CPU
		{1532EE23-F637-40FA-BBA8-10B2F7C1A36D}.Debug|Any CPU.ActiveCfg = Debug|Any CPU
		{1532EE23-F637-40FA-BBA8-10B2F7C1A36D}.Debug|Any CPU.Build.0 = Debug|Any CPU
		{1532EE23-F637-40FA-BBA8-10B2F7C1A36D}.Release|Any CPU.ActiveCfg = Release|Any CPU
		{1532EE23-F637-40FA-BBA8-10B2F7C1A36D}.Release|Any CPU.Build.0 = Release|Any CPU
		{EBDE7E14-5DB4-49EA-ACE0-B4B5D61FDCB8}.Debug|Any CPU.ActiveCfg = Debug|Any CPU
		{EBDE7E14-5DB4-49EA-ACE0-B4B5D61FDCB8}.Debug|Any CPU.Build.0 = Debug|Any CPU
		{EBDE7E14-5DB4-49EA-ACE0-B4B5D61FDCB8}.Release|Any CPU.ActiveCfg = Release|Any CPU
		{EBDE7E14-5DB4-49EA-ACE0-B4B5D61FDCB8}.Release|Any CPU.Build.0 = Release|Any CPU
		{321F20CA-E720-4503-93D5-5C10526F3456}.Debug|Any CPU.ActiveCfg = Debug|Any CPU
		{321F20CA-E720-4503-93D5-5C10526F3456}.Debug|Any CPU.Build.0 = Debug|Any CPU
		{321F20CA-E720-4503-93D5-5C10526F3456}.Release|Any CPU.ActiveCfg = Release|Any CPU
		{321F20CA-E720-4503-93D5-5C10526F3456}.Release|Any CPU.Build.0 = Release|Any CPU
		{A95F38F0-8927-49F6-9A2B-9E4C95E36131}.Debug|Any CPU.ActiveCfg = Debug|Any CPU
		{A95F38F0-8927-49F6-9A2B-9E4C95E36131}.Debug|Any CPU.Build.0 = Debug|Any CPU
		{A95F38F0-8927-49F6-9A2B-9E4C95E36131}.Release|Any CPU.ActiveCfg = Release|Any CPU
		{A95F38F0-8927-49F6-9A2B-9E4C95E36131}.Release|Any CPU.Build.0 = Release|Any CPU
		{A6D2715E-6B42-46A3-923C-118438293BF2}.Debug|Any CPU.ActiveCfg = Debug|Any CPU
		{A6D2715E-6B42-46A3-923C-118438293BF2}.Debug|Any CPU.Build.0 = Debug|Any CPU
		{A6D2715E-6B42-46A3-923C-118438293BF2}.Release|Any CPU.ActiveCfg = Release|Any CPU
		{A6D2715E-6B42-46A3-923C-118438293BF2}.Release|Any CPU.Build.0 = Release|Any CPU
		{B49EA1A9-A1E7-44A4-A7FE-69C470A2E0CA}.Debug|Any CPU.ActiveCfg = Debug|Any CPU
		{B49EA1A9-A1E7-44A4-A7FE-69C470A2E0CA}.Debug|Any CPU.Build.0 = Debug|Any CPU
		{B49EA1A9-A1E7-44A4-A7FE-69C470A2E0CA}.Release|Any CPU.ActiveCfg = Release|Any CPU
		{B49EA1A9-A1E7-44A4-A7FE-69C470A2E0CA}.Release|Any CPU.Build.0 = Release|Any CPU
		{A3F6E72B-B4D8-4BF8-8D23-3CAF09CDD37A}.Debug|Any CPU.ActiveCfg = Debug|Any CPU
		{A3F6E72B-B4D8-4BF8-8D23-3CAF09CDD37A}.Debug|Any CPU.Build.0 = Debug|Any CPU
		{A3F6E72B-B4D8-4BF8-8D23-3CAF09CDD37A}.Release|Any CPU.ActiveCfg = Release|Any CPU
		{A3F6E72B-B4D8-4BF8-8D23-3CAF09CDD37A}.Release|Any CPU.Build.0 = Release|Any CPU
		{0534EF1F-036E-47C4-BEDC-F569F0F910FC}.Debug|Any CPU.ActiveCfg = Debug|Any CPU
		{0534EF1F-036E-47C4-BEDC-F569F0F910FC}.Debug|Any CPU.Build.0 = Debug|Any CPU
		{0534EF1F-036E-47C4-BEDC-F569F0F910FC}.Release|Any CPU.ActiveCfg = Release|Any CPU
		{0534EF1F-036E-47C4-BEDC-F569F0F910FC}.Release|Any CPU.Build.0 = Release|Any CPU
		{0C087B83-42D0-416B-8EFB-76637D1FFDE0}.Debug|Any CPU.ActiveCfg = Debug|Any CPU
		{0C087B83-42D0-416B-8EFB-76637D1FFDE0}.Debug|Any CPU.Build.0 = Debug|Any CPU
		{0C087B83-42D0-416B-8EFB-76637D1FFDE0}.Release|Any CPU.ActiveCfg = Release|Any CPU
		{0C087B83-42D0-416B-8EFB-76637D1FFDE0}.Release|Any CPU.Build.0 = Release|Any CPU
		{CFF2FEC5-BEE6-4683-AAB1-F35651DE8440}.Debug|Any CPU.ActiveCfg = Debug|Any CPU
		{CFF2FEC5-BEE6-4683-AAB1-F35651DE8440}.Debug|Any CPU.Build.0 = Debug|Any CPU
		{CFF2FEC5-BEE6-4683-AAB1-F35651DE8440}.Release|Any CPU.ActiveCfg = Release|Any CPU
		{CFF2FEC5-BEE6-4683-AAB1-F35651DE8440}.Release|Any CPU.Build.0 = Release|Any CPU
		{0C122252-5007-4F08-B047-96E653A7DC28}.Debug|Any CPU.ActiveCfg = Debug|Any CPU
		{0C122252-5007-4F08-B047-96E653A7DC28}.Debug|Any CPU.Build.0 = Debug|Any CPU
		{0C122252-5007-4F08-B047-96E653A7DC28}.Release|Any CPU.ActiveCfg = Release|Any CPU
		{0C122252-5007-4F08-B047-96E653A7DC28}.Release|Any CPU.Build.0 = Release|Any CPU
		{F77FF4DC-8FBF-450B-A34E-4D18F19948E2}.Debug|Any CPU.ActiveCfg = Debug|Any CPU
		{F77FF4DC-8FBF-450B-A34E-4D18F19948E2}.Debug|Any CPU.Build.0 = Debug|Any CPU
		{F77FF4DC-8FBF-450B-A34E-4D18F19948E2}.Release|Any CPU.ActiveCfg = Release|Any CPU
		{F77FF4DC-8FBF-450B-A34E-4D18F19948E2}.Release|Any CPU.Build.0 = Release|Any CPU
		{2833225F-E708-41D2-8A45-9E2FC910B7A2}.Debug|Any CPU.ActiveCfg = Debug|Any CPU
		{2833225F-E708-41D2-8A45-9E2FC910B7A2}.Debug|Any CPU.Build.0 = Debug|Any CPU
		{2833225F-E708-41D2-8A45-9E2FC910B7A2}.Release|Any CPU.ActiveCfg = Release|Any CPU
		{2833225F-E708-41D2-8A45-9E2FC910B7A2}.Release|Any CPU.Build.0 = Release|Any CPU
		{0779E912-8594-425D-81BE-041A0FC8B296}.Debug|Any CPU.ActiveCfg = Debug|Any CPU
		{0779E912-8594-425D-81BE-041A0FC8B296}.Debug|Any CPU.Build.0 = Debug|Any CPU
		{0779E912-8594-425D-81BE-041A0FC8B296}.Release|Any CPU.ActiveCfg = Release|Any CPU
		{0779E912-8594-425D-81BE-041A0FC8B296}.Release|Any CPU.Build.0 = Release|Any CPU
	EndGlobalSection
	GlobalSection(SolutionProperties) = preSolution
		HideSolutionNode = FALSE
	EndGlobalSection
	GlobalSection(NestedProjects) = preSolution
		{A175A62F-3230-409D-A1D9-6C63CF332910} = {1FEDF0C8-B6B5-4A7F-B2BB-793CADA55E44}
		{564E163F-1504-4C49-8CDE-251AA50B5E44} = {1FEDF0C8-B6B5-4A7F-B2BB-793CADA55E44}
		{9927A52D-B824-47EC-8653-CF444C79F7D8} = {1FEDF0C8-B6B5-4A7F-B2BB-793CADA55E44}
		{7912F576-FB44-4DD2-971E-56F2F9EC77A0} = {1FEDF0C8-B6B5-4A7F-B2BB-793CADA55E44}
		{8FE50883-E98D-4AF9-B359-B217ACDECB75} = {1FEDF0C8-B6B5-4A7F-B2BB-793CADA55E44}
		{14FA5A9B-60B8-4D1D-B354-6DB61D6F77A4} = {1FEDF0C8-B6B5-4A7F-B2BB-793CADA55E44}
		{5E72A50A-0CA6-481B-B937-C54BE921D6CE} = {1FEDF0C8-B6B5-4A7F-B2BB-793CADA55E44}
		{1D5268DF-D016-4EAC-BB9E-073275C349D3} = {1FEDF0C8-B6B5-4A7F-B2BB-793CADA55E44}
		{A599015D-4696-40A1-BD42-4EB5F3C70A01} = {1FEDF0C8-B6B5-4A7F-B2BB-793CADA55E44}
		{47BBD75C-7E23-40A0-B6A4-7FFFC7E37EF4} = {1FEDF0C8-B6B5-4A7F-B2BB-793CADA55E44}
		{A67F8644-DD1C-4BCF-AC9C-A67292F39196} = {1FEDF0C8-B6B5-4A7F-B2BB-793CADA55E44}
		{FD252A6F-65A4-4E97-93FF-7EB0AD5F5A0C} = {1FEDF0C8-B6B5-4A7F-B2BB-793CADA55E44}
		{15BC181B-C041-49EE-943D-EB28F4E1BDA4} = {1FEDF0C8-B6B5-4A7F-B2BB-793CADA55E44}
		{5B761D31-CAAF-4361-8B88-16DC53795B31} = {1FEDF0C8-B6B5-4A7F-B2BB-793CADA55E44}
		{5908EF09-95B9-4EC0-91C2-A404C8545853} = {1FEDF0C8-B6B5-4A7F-B2BB-793CADA55E44}
		{4DB27938-9846-47E4-A45E-8A2505F44CBB} = {37734214-C302-4BD3-9C6A-21CFD07BE09F}
		{960455AB-E26B-4A6F-B065-7A1E500757F9} = {1FEDF0C8-B6B5-4A7F-B2BB-793CADA55E44}
		{8C9F48E7-4657-4917-A999-838260BF1784} = {1FEDF0C8-B6B5-4A7F-B2BB-793CADA55E44}
		{D31351EB-64A1-48B8-A407-2C7DC0493B0B} = {1FEDF0C8-B6B5-4A7F-B2BB-793CADA55E44}
		{0FCBAEDE-5D50-4998-B7A4-1733656722A6} = {1FEDF0C8-B6B5-4A7F-B2BB-793CADA55E44}
		{6BF0E083-AC26-4C65-A539-8823C65C3F7B} = {1FEDF0C8-B6B5-4A7F-B2BB-793CADA55E44}
		{7CD71798-C122-4145-A08E-506A88273108} = {1FEDF0C8-B6B5-4A7F-B2BB-793CADA55E44}
		{428258FE-950A-4FFD-883C-7FAEA65E05B3} = {1FEDF0C8-B6B5-4A7F-B2BB-793CADA55E44}
		{0C8C80C8-B156-4211-9566-B1531E86C906} = {1FEDF0C8-B6B5-4A7F-B2BB-793CADA55E44}
		{58A03971-0C97-42BC-9B51-FB93DB910BD0} = {1FEDF0C8-B6B5-4A7F-B2BB-793CADA55E44}
		{DEDDECC7-69D9-4924-8596-018BFA1B4BDE} = {37734214-C302-4BD3-9C6A-21CFD07BE09F}
		{B31D42D9-BAE1-4A78-A1C6-FC33D68AB464} = {1FEDF0C8-B6B5-4A7F-B2BB-793CADA55E44}
		{6F83D1FD-0AB8-47F5-A320-8CFCD6DCA26A} = {1FEDF0C8-B6B5-4A7F-B2BB-793CADA55E44}
		{B09C645A-5F72-42D8-8B04-51A3D1CA44FF} = {1FEDF0C8-B6B5-4A7F-B2BB-793CADA55E44}
		{194E1FF3-BDE2-4800-8B3A-D63A194CE067} = {1FEDF0C8-B6B5-4A7F-B2BB-793CADA55E44}
		{7846F18E-0D22-4B7B-919C-E7C579091C8A} = {1FEDF0C8-B6B5-4A7F-B2BB-793CADA55E44}
		{8E87415B-A7EA-4165-9AEE-8FB6D88496AE} = {1FEDF0C8-B6B5-4A7F-B2BB-793CADA55E44}
		{69A6A58D-770A-406B-AE1C-14D87E9866C2} = {1FEDF0C8-B6B5-4A7F-B2BB-793CADA55E44}
		{1532EE23-F637-40FA-BBA8-10B2F7C1A36D} = {1FEDF0C8-B6B5-4A7F-B2BB-793CADA55E44}
		{EBDE7E14-5DB4-49EA-ACE0-B4B5D61FDCB8} = {1FEDF0C8-B6B5-4A7F-B2BB-793CADA55E44}
		{321F20CA-E720-4503-93D5-5C10526F3456} = {37734214-C302-4BD3-9C6A-21CFD07BE09F}
		{A95F38F0-8927-49F6-9A2B-9E4C95E36131} = {37734214-C302-4BD3-9C6A-21CFD07BE09F}
		{A6D2715E-6B42-46A3-923C-118438293BF2} = {37734214-C302-4BD3-9C6A-21CFD07BE09F}
		{B49EA1A9-A1E7-44A4-A7FE-69C470A2E0CA} = {1FEDF0C8-B6B5-4A7F-B2BB-793CADA55E44}
		{A3F6E72B-B4D8-4BF8-8D23-3CAF09CDD37A} = {1FEDF0C8-B6B5-4A7F-B2BB-793CADA55E44}
		{0534EF1F-036E-47C4-BEDC-F569F0F910FC} = {1FEDF0C8-B6B5-4A7F-B2BB-793CADA55E44}
		{0C087B83-42D0-416B-8EFB-76637D1FFDE0} = {1FEDF0C8-B6B5-4A7F-B2BB-793CADA55E44}
		{CFF2FEC5-BEE6-4683-AAB1-F35651DE8440} = {1FEDF0C8-B6B5-4A7F-B2BB-793CADA55E44}
		{0C122252-5007-4F08-B047-96E653A7DC28} = {1FEDF0C8-B6B5-4A7F-B2BB-793CADA55E44}
		{F77FF4DC-8FBF-450B-A34E-4D18F19948E2} = {1FEDF0C8-B6B5-4A7F-B2BB-793CADA55E44}
		{2833225F-E708-41D2-8A45-9E2FC910B7A2} = {1FEDF0C8-B6B5-4A7F-B2BB-793CADA55E44}
		{0779E912-8594-425D-81BE-041A0FC8B296} = {1FEDF0C8-B6B5-4A7F-B2BB-793CADA55E44}
	EndGlobalSection
	GlobalSection(ExtensibilityGlobals) = postSolution
		SolutionGuid = {E4B6BBAC-F8D9-456E-BDE8-8B8D95746B27}
	EndGlobalSection
	GlobalSection(Performance) = preSolution
		HasPerformanceSessions = true
	EndGlobalSection
EndGlobal
