
Microsoft Visual Studio Solution File, Format Version 12.00
# Visual Studio 15
VisualStudioVersion = 15.0.27130.2036
MinimumVisualStudioVersion = 10.0.40219.1
Project("{FAE04EC0-301F-11D3-BF4B-00C04F79EFBC}") = "BSJobBase", "BSJobBase\BSJobBase.csproj", "{814DDF3F-573F-4EA8-A7A1-E789E4608B9B}"
EndProject
Project("{FAE04EC0-301F-11D3-BF4B-00C04F79EFBC}") = "ParkingPayroll", "ParkingPayroll\ParkingPayroll.csproj", "{A175A62F-3230-409D-A1D9-6C63CF332910}"
EndProject
Project("{FAE04EC0-301F-11D3-BF4B-00C04F79EFBC}") = "PBSMacrosLoad", "PBSMacrosLoad\PBSMacrosLoad.csproj", "{564E163F-1504-4C49-8CDE-251AA50B5E44}"
EndProject
Project("{FAE04EC0-301F-11D3-BF4B-00C04F79EFBC}") = "BSJobUtility", "BSJobUtility\BSJobUtility.csproj", "{5EDFBCCD-A445-450F-9828-00931928CFC6}"
EndProject
Project("{FAE04EC0-301F-11D3-BF4B-00C04F79EFBC}") = "CommissionsCreate", "CommissionsCreate\CommissionsCreate.csproj", "{9927A52D-B824-47EC-8653-CF444C79F7D8}"
EndProject
Project("{2150E333-8FDC-42A3-9474-1A3956D46DE8}") = "Jobs", "Jobs", "{1FEDF0C8-B6B5-4A7F-B2BB-793CADA55E44}"
EndProject
Project("{FAE04EC0-301F-11D3-BF4B-00C04F79EFBC}") = "WrappersLoad", "WrappersLoad\WrappersLoad.csproj", "{7912F576-FB44-4DD2-971E-56F2F9EC77A0}"
EndProject
Project("{FAE04EC0-301F-11D3-BF4B-00C04F79EFBC}") = "ManifestLoad", "ManifestLoad\ManifestLoad.csproj", "{8FE50883-E98D-4AF9-B359-B217ACDECB75}"
EndProject
Project("{FAE04EC0-301F-11D3-BF4B-00C04F79EFBC}") = "ManifestLoadAdvance", "ManifestLoadAdvance\ManifestLoadAdvance.csproj", "{14FA5A9B-60B8-4D1D-B354-6DB61D6F77A4}"
EndProject
Project("{FAE04EC0-301F-11D3-BF4B-00C04F79EFBC}") = "PBSInvoiceExportLoad", "PBSInvoiceExportLoad\PBSInvoiceExportLoad.csproj", "{5E72A50A-0CA6-481B-B937-C54BE921D6CE}"
EndProject
Project("{FAE04EC0-301F-11D3-BF4B-00C04F79EFBC}") = "QualificationReportLoad", "QualificationReportLoad\QualificationReportLoad.csproj", "{1D5268DF-D016-4EAC-BB9E-073275C349D3}"
EndProject
Project("{FAE04EC0-301F-11D3-BF4B-00C04F79EFBC}") = "OfficePay", "OfficePay\OfficePay.csproj", "{A599015D-4696-40A1-BD42-4EB5F3C70A01}"
EndProject
Project("{FAE04EC0-301F-11D3-BF4B-00C04F79EFBC}") = "AutoRenew", "AutoRenew\AutoRenew.csproj", "{47BBD75C-7E23-40A0-B6A4-7FFFC7E37EF4}"
EndProject
Project("{FAE04EC0-301F-11D3-BF4B-00C04F79EFBC}") = "PressRoomLoad", "PressRoomLoad\PressRoomLoad.csproj", "{A67F8644-DD1C-4BCF-AC9C-A67292F39196}"
EndProject
Project("{FAE04EC0-301F-11D3-BF4B-00C04F79EFBC}") = "PressRoomFreeLoad", "PressRoomFreeLoad\PressRoomFreeLoad.csproj", "{FD252A6F-65A4-4E97-93FF-7EB0AD5F5A0C}"
EndProject
Project("{FAE04EC0-301F-11D3-BF4B-00C04F79EFBC}") = "PBSInvoiceTotals", "PBSInvoiceTotals\PBSInvoiceTotals.csproj", "{15BC181B-C041-49EE-943D-EB28F4E1BDA4}"
EndProject
Project("{FAE04EC0-301F-11D3-BF4B-00C04F79EFBC}") = "PBSInvoiceLoad", "PBSInvoiceLoad\PBSInvoiceLoad.csproj", "{5B761D31-CAAF-4361-8B88-16DC53795B31}"
EndProject
Project("{FAE04EC0-301F-11D3-BF4B-00C04F79EFBC}") = "UnzipNewscycleExportFiles", "UnzipNewscycleExportFiles\UnzipNewscycleExportFiles.csproj", "{5908EF09-95B9-4EC0-91C2-A404C8545853}"
EndProject
Project("{FAE04EC0-301F-11D3-BF4B-00C04F79EFBC}") = "BSGlobals", "BSGlobals\BSGlobals.csproj", "{2CEDA844-1A4A-4B73-B7CC-ED7539B0F996}"
EndProject
Project("{FAE04EC0-301F-11D3-BF4B-00C04F79EFBC}") = "AppStatusMonitor", "AppStatusMonitor\AppStatusMonitor.csproj", "{4DB27938-9846-47E4-A45E-8A2505F44CBB}"
EndProject
Project("{FAE04EC0-301F-11D3-BF4B-00C04F79EFBC}") = "DMMail", "DMMail\DMMail.csproj", "{960455AB-E26B-4A6F-B065-7A1E500757F9}"
EndProject
Project("{FAE04EC0-301F-11D3-BF4B-00C04F79EFBC}") = "ManifestFreeLoad", "ManifestFreeLoad\ManifestFreeLoad.csproj", "{8C9F48E7-4657-4917-A999-838260BF1784}"
EndProject
Project("{FAE04EC0-301F-11D3-BF4B-00C04F79EFBC}") = "PayByScanLoadWegmans", "PayByScanLoadWegmans\PayByScanLoadWegmans.csproj", "{D31351EB-64A1-48B8-A407-2C7DC0493B0B}"
EndProject
Project("{FAE04EC0-301F-11D3-BF4B-00C04F79EFBC}") = "PayByScanLoad711", "PayByScanLoad711\PayByScanLoad711.csproj", "{0FCBAEDE-5D50-4998-B7A4-1733656722A6}"
EndProject
Project("{FAE04EC0-301F-11D3-BF4B-00C04F79EFBC}") = "PrepackInsertLoad", "PrepackInsertLoad\PrepackInsertLoad.csproj", "{6BF0E083-AC26-4C65-A539-8823C65C3F7B}"
EndProject
Project("{FAE04EC0-301F-11D3-BF4B-00C04F79EFBC}") = "PBSDumpWorkload", "PBSDumpWorkload\PBSDumpWorkload.csproj", "{7CD71798-C122-4145-A08E-506A88273108}"
EndProject
Project("{FAE04EC0-301F-11D3-BF4B-00C04F79EFBC}") = "TestJob", "TestJob\TestJob.csproj", "{428258FE-950A-4FFD-883C-7FAEA65E05B3}"
EndProject
Global
	GlobalSection(SolutionConfigurationPlatforms) = preSolution
		Debug|Any CPU = Debug|Any CPU
		Release|Any CPU = Release|Any CPU
	EndGlobalSection
	GlobalSection(ProjectConfigurationPlatforms) = postSolution
		{814DDF3F-573F-4EA8-A7A1-E789E4608B9B}.Debug|Any CPU.ActiveCfg = Debug|Any CPU
		{814DDF3F-573F-4EA8-A7A1-E789E4608B9B}.Debug|Any CPU.Build.0 = Debug|Any CPU
		{814DDF3F-573F-4EA8-A7A1-E789E4608B9B}.Release|Any CPU.ActiveCfg = Release|Any CPU
		{814DDF3F-573F-4EA8-A7A1-E789E4608B9B}.Release|Any CPU.Build.0 = Release|Any CPU
		{A175A62F-3230-409D-A1D9-6C63CF332910}.Debug|Any CPU.ActiveCfg = Debug|Any CPU
		{A175A62F-3230-409D-A1D9-6C63CF332910}.Debug|Any CPU.Build.0 = Debug|Any CPU
		{A175A62F-3230-409D-A1D9-6C63CF332910}.Release|Any CPU.ActiveCfg = Release|Any CPU
		{A175A62F-3230-409D-A1D9-6C63CF332910}.Release|Any CPU.Build.0 = Release|Any CPU
		{564E163F-1504-4C49-8CDE-251AA50B5E44}.Debug|Any CPU.ActiveCfg = Debug|Any CPU
		{564E163F-1504-4C49-8CDE-251AA50B5E44}.Debug|Any CPU.Build.0 = Debug|Any CPU
		{564E163F-1504-4C49-8CDE-251AA50B5E44}.Release|Any CPU.ActiveCfg = Release|Any CPU
		{564E163F-1504-4C49-8CDE-251AA50B5E44}.Release|Any CPU.Build.0 = Release|Any CPU
		{5EDFBCCD-A445-450F-9828-00931928CFC6}.Debug|Any CPU.ActiveCfg = Debug|Any CPU
		{5EDFBCCD-A445-450F-9828-00931928CFC6}.Debug|Any CPU.Build.0 = Debug|Any CPU
		{5EDFBCCD-A445-450F-9828-00931928CFC6}.Release|Any CPU.ActiveCfg = Release|Any CPU
		{5EDFBCCD-A445-450F-9828-00931928CFC6}.Release|Any CPU.Build.0 = Release|Any CPU
		{9927A52D-B824-47EC-8653-CF444C79F7D8}.Debug|Any CPU.ActiveCfg = Debug|Any CPU
		{9927A52D-B824-47EC-8653-CF444C79F7D8}.Debug|Any CPU.Build.0 = Debug|Any CPU
		{9927A52D-B824-47EC-8653-CF444C79F7D8}.Release|Any CPU.ActiveCfg = Release|Any CPU
		{9927A52D-B824-47EC-8653-CF444C79F7D8}.Release|Any CPU.Build.0 = Release|Any CPU
		{7912F576-FB44-4DD2-971E-56F2F9EC77A0}.Debug|Any CPU.ActiveCfg = Debug|Any CPU
		{7912F576-FB44-4DD2-971E-56F2F9EC77A0}.Debug|Any CPU.Build.0 = Debug|Any CPU
		{7912F576-FB44-4DD2-971E-56F2F9EC77A0}.Release|Any CPU.ActiveCfg = Release|Any CPU
		{7912F576-FB44-4DD2-971E-56F2F9EC77A0}.Release|Any CPU.Build.0 = Release|Any CPU
		{8FE50883-E98D-4AF9-B359-B217ACDECB75}.Debug|Any CPU.ActiveCfg = Debug|Any CPU
		{8FE50883-E98D-4AF9-B359-B217ACDECB75}.Debug|Any CPU.Build.0 = Debug|Any CPU
		{8FE50883-E98D-4AF9-B359-B217ACDECB75}.Release|Any CPU.ActiveCfg = Release|Any CPU
		{8FE50883-E98D-4AF9-B359-B217ACDECB75}.Release|Any CPU.Build.0 = Release|Any CPU
		{14FA5A9B-60B8-4D1D-B354-6DB61D6F77A4}.Debug|Any CPU.ActiveCfg = Debug|Any CPU
		{14FA5A9B-60B8-4D1D-B354-6DB61D6F77A4}.Debug|Any CPU.Build.0 = Debug|Any CPU
		{14FA5A9B-60B8-4D1D-B354-6DB61D6F77A4}.Release|Any CPU.ActiveCfg = Release|Any CPU
		{14FA5A9B-60B8-4D1D-B354-6DB61D6F77A4}.Release|Any CPU.Build.0 = Release|Any CPU
		{5E72A50A-0CA6-481B-B937-C54BE921D6CE}.Debug|Any CPU.ActiveCfg = Debug|Any CPU
		{5E72A50A-0CA6-481B-B937-C54BE921D6CE}.Debug|Any CPU.Build.0 = Debug|Any CPU
		{5E72A50A-0CA6-481B-B937-C54BE921D6CE}.Release|Any CPU.ActiveCfg = Release|Any CPU
		{5E72A50A-0CA6-481B-B937-C54BE921D6CE}.Release|Any CPU.Build.0 = Release|Any CPU
		{1D5268DF-D016-4EAC-BB9E-073275C349D3}.Debug|Any CPU.ActiveCfg = Debug|Any CPU
		{1D5268DF-D016-4EAC-BB9E-073275C349D3}.Debug|Any CPU.Build.0 = Debug|Any CPU
		{1D5268DF-D016-4EAC-BB9E-073275C349D3}.Release|Any CPU.ActiveCfg = Release|Any CPU
		{1D5268DF-D016-4EAC-BB9E-073275C349D3}.Release|Any CPU.Build.0 = Release|Any CPU
		{A599015D-4696-40A1-BD42-4EB5F3C70A01}.Debug|Any CPU.ActiveCfg = Debug|Any CPU
		{A599015D-4696-40A1-BD42-4EB5F3C70A01}.Debug|Any CPU.Build.0 = Debug|Any CPU
		{A599015D-4696-40A1-BD42-4EB5F3C70A01}.Release|Any CPU.ActiveCfg = Release|Any CPU
		{A599015D-4696-40A1-BD42-4EB5F3C70A01}.Release|Any CPU.Build.0 = Release|Any CPU
		{47BBD75C-7E23-40A0-B6A4-7FFFC7E37EF4}.Debug|Any CPU.ActiveCfg = Debug|Any CPU
		{47BBD75C-7E23-40A0-B6A4-7FFFC7E37EF4}.Debug|Any CPU.Build.0 = Debug|Any CPU
		{47BBD75C-7E23-40A0-B6A4-7FFFC7E37EF4}.Release|Any CPU.ActiveCfg = Release|Any CPU
		{47BBD75C-7E23-40A0-B6A4-7FFFC7E37EF4}.Release|Any CPU.Build.0 = Release|Any CPU
		{A67F8644-DD1C-4BCF-AC9C-A67292F39196}.Debug|Any CPU.ActiveCfg = Debug|Any CPU
		{A67F8644-DD1C-4BCF-AC9C-A67292F39196}.Debug|Any CPU.Build.0 = Debug|Any CPU
		{A67F8644-DD1C-4BCF-AC9C-A67292F39196}.Release|Any CPU.ActiveCfg = Release|Any CPU
		{A67F8644-DD1C-4BCF-AC9C-A67292F39196}.Release|Any CPU.Build.0 = Release|Any CPU
		{FD252A6F-65A4-4E97-93FF-7EB0AD5F5A0C}.Debug|Any CPU.ActiveCfg = Debug|Any CPU
		{FD252A6F-65A4-4E97-93FF-7EB0AD5F5A0C}.Debug|Any CPU.Build.0 = Debug|Any CPU
		{FD252A6F-65A4-4E97-93FF-7EB0AD5F5A0C}.Release|Any CPU.ActiveCfg = Release|Any CPU
		{FD252A6F-65A4-4E97-93FF-7EB0AD5F5A0C}.Release|Any CPU.Build.0 = Release|Any CPU
		{15BC181B-C041-49EE-943D-EB28F4E1BDA4}.Debug|Any CPU.ActiveCfg = Debug|Any CPU
		{15BC181B-C041-49EE-943D-EB28F4E1BDA4}.Debug|Any CPU.Build.0 = Debug|Any CPU
		{15BC181B-C041-49EE-943D-EB28F4E1BDA4}.Release|Any CPU.ActiveCfg = Release|Any CPU
		{15BC181B-C041-49EE-943D-EB28F4E1BDA4}.Release|Any CPU.Build.0 = Release|Any CPU
		{5B761D31-CAAF-4361-8B88-16DC53795B31}.Debug|Any CPU.ActiveCfg = Debug|Any CPU
		{5B761D31-CAAF-4361-8B88-16DC53795B31}.Debug|Any CPU.Build.0 = Debug|Any CPU
		{5B761D31-CAAF-4361-8B88-16DC53795B31}.Release|Any CPU.ActiveCfg = Release|Any CPU
		{5B761D31-CAAF-4361-8B88-16DC53795B31}.Release|Any CPU.Build.0 = Release|Any CPU
		{5908EF09-95B9-4EC0-91C2-A404C8545853}.Debug|Any CPU.ActiveCfg = Debug|Any CPU
		{5908EF09-95B9-4EC0-91C2-A404C8545853}.Debug|Any CPU.Build.0 = Debug|Any CPU
		{5908EF09-95B9-4EC0-91C2-A404C8545853}.Release|Any CPU.ActiveCfg = Release|Any CPU
		{5908EF09-95B9-4EC0-91C2-A404C8545853}.Release|Any CPU.Build.0 = Release|Any CPU
		{2CEDA844-1A4A-4B73-B7CC-ED7539B0F996}.Debug|Any CPU.ActiveCfg = Debug|Any CPU
		{2CEDA844-1A4A-4B73-B7CC-ED7539B0F996}.Debug|Any CPU.Build.0 = Debug|Any CPU
		{2CEDA844-1A4A-4B73-B7CC-ED7539B0F996}.Release|Any CPU.ActiveCfg = Release|Any CPU
		{2CEDA844-1A4A-4B73-B7CC-ED7539B0F996}.Release|Any CPU.Build.0 = Release|Any CPU
		{4DB27938-9846-47E4-A45E-8A2505F44CBB}.Debug|Any CPU.ActiveCfg = Debug|Any CPU
		{4DB27938-9846-47E4-A45E-8A2505F44CBB}.Debug|Any CPU.Build.0 = Debug|Any CPU
		{4DB27938-9846-47E4-A45E-8A2505F44CBB}.Release|Any CPU.ActiveCfg = Release|Any CPU
		{4DB27938-9846-47E4-A45E-8A2505F44CBB}.Release|Any CPU.Build.0 = Release|Any CPU
		{960455AB-E26B-4A6F-B065-7A1E500757F9}.Debug|Any CPU.ActiveCfg = Debug|Any CPU
		{960455AB-E26B-4A6F-B065-7A1E500757F9}.Debug|Any CPU.Build.0 = Debug|Any CPU
		{960455AB-E26B-4A6F-B065-7A1E500757F9}.Release|Any CPU.ActiveCfg = Release|Any CPU
		{960455AB-E26B-4A6F-B065-7A1E500757F9}.Release|Any CPU.Build.0 = Release|Any CPU
		{8C9F48E7-4657-4917-A999-838260BF1784}.Debug|Any CPU.ActiveCfg = Debug|Any CPU
		{8C9F48E7-4657-4917-A999-838260BF1784}.Debug|Any CPU.Build.0 = Debug|Any CPU
		{8C9F48E7-4657-4917-A999-838260BF1784}.Release|Any CPU.ActiveCfg = Release|Any CPU
		{8C9F48E7-4657-4917-A999-838260BF1784}.Release|Any CPU.Build.0 = Release|Any CPU
		{D31351EB-64A1-48B8-A407-2C7DC0493B0B}.Debug|Any CPU.ActiveCfg = Debug|Any CPU
		{D31351EB-64A1-48B8-A407-2C7DC0493B0B}.Debug|Any CPU.Build.0 = Debug|Any CPU
		{D31351EB-64A1-48B8-A407-2C7DC0493B0B}.Release|Any CPU.ActiveCfg = Release|Any CPU
		{D31351EB-64A1-48B8-A407-2C7DC0493B0B}.Release|Any CPU.Build.0 = Release|Any CPU
		{0FCBAEDE-5D50-4998-B7A4-1733656722A6}.Debug|Any CPU.ActiveCfg = Debug|Any CPU
		{0FCBAEDE-5D50-4998-B7A4-1733656722A6}.Debug|Any CPU.Build.0 = Debug|Any CPU
		{0FCBAEDE-5D50-4998-B7A4-1733656722A6}.Release|Any CPU.ActiveCfg = Release|Any CPU
		{0FCBAEDE-5D50-4998-B7A4-1733656722A6}.Release|Any CPU.Build.0 = Release|Any CPU
		{6BF0E083-AC26-4C65-A539-8823C65C3F7B}.Debug|Any CPU.ActiveCfg = Debug|Any CPU
		{6BF0E083-AC26-4C65-A539-8823C65C3F7B}.Debug|Any CPU.Build.0 = Debug|Any CPU
		{6BF0E083-AC26-4C65-A539-8823C65C3F7B}.Release|Any CPU.ActiveCfg = Release|Any CPU
		{6BF0E083-AC26-4C65-A539-8823C65C3F7B}.Release|Any CPU.Build.0 = Release|Any CPU
		{7CD71798-C122-4145-A08E-506A88273108}.Debug|Any CPU.ActiveCfg = Debug|Any CPU
		{7CD71798-C122-4145-A08E-506A88273108}.Debug|Any CPU.Build.0 = Debug|Any CPU
		{7CD71798-C122-4145-A08E-506A88273108}.Release|Any CPU.ActiveCfg = Release|Any CPU
		{7CD71798-C122-4145-A08E-506A88273108}.Release|Any CPU.Build.0 = Release|Any CPU
		{428258FE-950A-4FFD-883C-7FAEA65E05B3}.Debug|Any CPU.ActiveCfg = Debug|Any CPU
		{428258FE-950A-4FFD-883C-7FAEA65E05B3}.Debug|Any CPU.Build.0 = Debug|Any CPU
		{428258FE-950A-4FFD-883C-7FAEA65E05B3}.Release|Any CPU.ActiveCfg = Release|Any CPU
		{428258FE-950A-4FFD-883C-7FAEA65E05B3}.Release|Any CPU.Build.0 = Release|Any CPU
	EndGlobalSection
	GlobalSection(SolutionProperties) = preSolution
		HideSolutionNode = FALSE
	EndGlobalSection
	GlobalSection(NestedProjects) = preSolution
		{A175A62F-3230-409D-A1D9-6C63CF332910} = {1FEDF0C8-B6B5-4A7F-B2BB-793CADA55E44}
		{564E163F-1504-4C49-8CDE-251AA50B5E44} = {1FEDF0C8-B6B5-4A7F-B2BB-793CADA55E44}
		{9927A52D-B824-47EC-8653-CF444C79F7D8} = {1FEDF0C8-B6B5-4A7F-B2BB-793CADA55E44}
		{7912F576-FB44-4DD2-971E-56F2F9EC77A0} = {1FEDF0C8-B6B5-4A7F-B2BB-793CADA55E44}
		{8FE50883-E98D-4AF9-B359-B217ACDECB75} = {1FEDF0C8-B6B5-4A7F-B2BB-793CADA55E44}
		{14FA5A9B-60B8-4D1D-B354-6DB61D6F77A4} = {1FEDF0C8-B6B5-4A7F-B2BB-793CADA55E44}
		{5E72A50A-0CA6-481B-B937-C54BE921D6CE} = {1FEDF0C8-B6B5-4A7F-B2BB-793CADA55E44}
		{1D5268DF-D016-4EAC-BB9E-073275C349D3} = {1FEDF0C8-B6B5-4A7F-B2BB-793CADA55E44}
		{A599015D-4696-40A1-BD42-4EB5F3C70A01} = {1FEDF0C8-B6B5-4A7F-B2BB-793CADA55E44}
		{47BBD75C-7E23-40A0-B6A4-7FFFC7E37EF4} = {1FEDF0C8-B6B5-4A7F-B2BB-793CADA55E44}
		{A67F8644-DD1C-4BCF-AC9C-A67292F39196} = {1FEDF0C8-B6B5-4A7F-B2BB-793CADA55E44}
		{FD252A6F-65A4-4E97-93FF-7EB0AD5F5A0C} = {1FEDF0C8-B6B5-4A7F-B2BB-793CADA55E44}
		{15BC181B-C041-49EE-943D-EB28F4E1BDA4} = {1FEDF0C8-B6B5-4A7F-B2BB-793CADA55E44}
		{5B761D31-CAAF-4361-8B88-16DC53795B31} = {1FEDF0C8-B6B5-4A7F-B2BB-793CADA55E44}
		{5908EF09-95B9-4EC0-91C2-A404C8545853} = {1FEDF0C8-B6B5-4A7F-B2BB-793CADA55E44}
		{960455AB-E26B-4A6F-B065-7A1E500757F9} = {1FEDF0C8-B6B5-4A7F-B2BB-793CADA55E44}
		{8C9F48E7-4657-4917-A999-838260BF1784} = {1FEDF0C8-B6B5-4A7F-B2BB-793CADA55E44}
		{D31351EB-64A1-48B8-A407-2C7DC0493B0B} = {1FEDF0C8-B6B5-4A7F-B2BB-793CADA55E44}
		{0FCBAEDE-5D50-4998-B7A4-1733656722A6} = {1FEDF0C8-B6B5-4A7F-B2BB-793CADA55E44}
		{6BF0E083-AC26-4C65-A539-8823C65C3F7B} = {1FEDF0C8-B6B5-4A7F-B2BB-793CADA55E44}
		{7CD71798-C122-4145-A08E-506A88273108} = {1FEDF0C8-B6B5-4A7F-B2BB-793CADA55E44}
		{428258FE-950A-4FFD-883C-7FAEA65E05B3} = {1FEDF0C8-B6B5-4A7F-B2BB-793CADA55E44}
	EndGlobalSection
	GlobalSection(ExtensibilityGlobals) = postSolution
		SolutionGuid = {E4B6BBAC-F8D9-456E-BDE8-8B8D95746B27}
	EndGlobalSection
	GlobalSection(Performance) = preSolution
		HasPerformanceSessions = true
	EndGlobalSection
EndGlobal
